
Microsoft Visual Studio Solution File, Format Version 12.00
# Visual Studio Version 17
VisualStudioVersion = 17.10.34916.146
MinimumVisualStudioVersion = 10.0.40219.1
Project("{FAE04EC0-301F-11D3-BF4B-00C04F79EFBC}") = "Seleniumautomation", "Seleniumautomation\Seleniumautomation.csproj", "{3DB69E0D-B4BC-43E6-9573-6A6FA5429ECA}"
EndProject
Global
	GlobalSection(SolutionConfigurationPlatforms) = preSolution
		Debug|Any CPU = Debug|Any CPU
		Release|Any CPU = Release|Any CPU
	EndGlobalSection
	GlobalSection(ProjectConfigurationPlatforms) = postSolution
		{3DB69E0D-B4BC-43E6-9573-6A6FA5429ECA}.Debug|Any CPU.ActiveCfg = Debug|Any CPU
		{3DB69E0D-B4BC-43E6-9573-6A6FA5429ECA}.Debug|Any CPU.Build.0 = Debug|Any CPU
		{3DB69E0D-B4BC-43E6-9573-6A6FA5429ECA}.Release|Any CPU.ActiveCfg = Release|Any CPU
		{3DB69E0D-B4BC-43E6-9573-6A6FA5429ECA}.Release|Any CPU.Build.0 = Release|Any CPU
	EndGlobalSection
	GlobalSection(SolutionProperties) = preSolution
		HideSolutionNode = FALSE
	EndGlobalSection
	GlobalSection(ExtensibilityGlobals) = postSolution
		SolutionGuid = {1A7D07B0-64BE-4AE2-95EA-2299D3EDA5C2}
	EndGlobalSection
EndGlobal
